{
  "nodes": {
    "betterfriends": {
      "flake": false,
      "locked": {
        "lastModified": 1621236864,
        "narHash": "sha256-bEI/IB8VKr5Ow0E9QcbH5TKAsHfNFOxD4ny1ztv60NU=",
        "owner": "powercord-community",
        "repo": "betterfriends",
        "rev": "98c8a30d2c3553b055cfa73a286be9fc0980d071",
        "type": "github"
      },
      "original": {
        "owner": "powercord-community",
        "repo": "betterfriends",
        "type": "github"
      }
    },
    "channel-typing": {
      "flake": false,
      "locked": {
        "lastModified": 1634895849,
        "narHash": "sha256-wlbzg2zzFcwBGCa90DAKUEAtytQBc8kYAjzXGq1J6AM=",
        "owner": "powercord-community",
        "repo": "channel-typing",
        "rev": "8e41b085410a5bb72ddf9f372c8957eed6d2cb82",
        "type": "github"
      },
      "original": {
        "owner": "powercord-community",
        "repo": "channel-typing",
        "type": "github"
      }
    },
    "cutecord": {
      "flake": false,
      "locked": {
        "lastModified": 1658372050,
        "narHash": "sha256-y2JmZe1KUerXjje5/AVlarsmv0cHXx753uEYIRpTGlo=",
        "owner": "powercord-community",
        "repo": "cutecord",
        "rev": "9bec718f996c7f30760df87ed3e3fcd61498acf6",
        "type": "github"
      },
      "original": {
        "owner": "powercord-community",
        "repo": "cutecord",
        "type": "github"
      }
    },
    "fast-syntax-highlighting": {
      "flake": false,
      "locked": {
        "lastModified": 1668912623,
        "narHash": "sha256-wLpgkX53wzomHMEpymvWE86EJfxlIb3S8TPy74WOBD4=",
        "owner": "zdharma-continuum",
        "repo": "fast-syntax-highlighting",
        "rev": "7c390ee3bfa8069b8519582399e0a67444e6ea61",
        "type": "github"
      },
      "original": {
        "owner": "zdharma-continuum",
        "repo": "fast-syntax-highlighting",
        "type": "github"
      }
    },
    "flake-utils": {
      "locked": {
        "lastModified": 1659877975,
        "narHash": "sha256-zllb8aq3YO3h8B/U0/J1WBgAL8EX5yWf5pMj3G0NAmc=",
        "owner": "numtide",
        "repo": "flake-utils",
        "rev": "c0e246b9b83f637f4681389ecabcb2681b4f3af0",
        "type": "github"
      },
      "original": {
        "owner": "numtide",
        "repo": "flake-utils",
        "type": "github"
      }
    },
    "ghostbuster": {
      "flake": false,
      "locked": {
        "lastModified": 1566458566,
        "narHash": "sha256-ZwQVEXHnHbGKd3iGYmqku8iZO24z9VZmO2X3QsrOacQ=",
        "owner": "powercord-community",
        "repo": "ghostbuster",
        "rev": "4c7cf839ab360cc4f1b3d5b84f96a934f9b6ea91",
        "type": "github"
      },
      "original": {
        "owner": "powercord-community",
        "repo": "ghostbuster",
        "type": "github"
      }
    },
    "home-manager": {
      "inputs": {
        "nixpkgs": [
          "nixpkgs"
        ],
        "utils": "utils"
      },
      "locked": {
        "lastModified": 1671578428,
        "narHash": "sha256-YmbpBcPaGz9KE2bC4xPvSdgCSMk0BmS/L3ePvy9TR/M=",
        "owner": "nix-community",
        "repo": "home-manager",
        "rev": "0f8bf4f92efa3c6168705b49a6788abb3612033a",
        "type": "github"
      },
      "original": {
        "owner": "nix-community",
        "repo": "home-manager",
        "type": "github"
      }
    },
    "linux-tkg": {
      "flake": false,
      "locked": {
        "lastModified": 1671720072,
        "narHash": "sha256-zvG9vkcXUBmbu6s3T6bb1G4Mfq2EHKleJIwVYs3eYew=",
        "owner": "Frogging-Family",
        "repo": "linux-tkg",
        "rev": "c141a8c304c01cf415b50ef53f9c92ca4a2d9026",
        "type": "github"
      },
      "original": {
        "owner": "Frogging-Family",
        "repo": "linux-tkg",
        "type": "github"
      }
    },
    "nix-gaming": {
      "inputs": {
        "nixpkgs": "nixpkgs"
      },
      "locked": {
        "lastModified": 1670592559,
        "narHash": "sha256-DSBRgAOsafwRwd6XcsLSFswVQutI2nVSDsSKAmUcspQ=",
        "owner": "fufexan",
        "repo": "nix-gaming",
        "rev": "465d2c65aafce2ea2bcd0576a55054374435ed28",
        "type": "github"
      },
      "original": {
        "owner": "fufexan",
        "repo": "nix-gaming",
        "type": "github"
      }
    },
    "nixos-hardware": {
      "locked": {
        "lastModified": 1671631481,
        "narHash": "sha256-LP6NvQQNKdqDpXngECo6oCiWfYRb0KPGM5+D5lu7mPw=",
        "owner": "NixOS",
        "repo": "nixos-hardware",
        "rev": "9577ab1eaf01a738b015a7a7ab2a4616e158b6cd",
        "type": "github"
      },
      "original": {
        "owner": "NixOS",
        "repo": "nixos-hardware",
        "type": "github"
      }
    },
    "nixpkgs": {
      "locked": {
        "lastModified": 1663491030,
        "narHash": "sha256-MVsfBhE9US5DvLtBAaTRjwYdv1tLO8xjahM8qLXTgTo=",
        "owner": "NixOS",
        "repo": "nixpkgs",
        "rev": "767542707d394ff15ac1981e903e005ba69528b5",
        "type": "github"
      },
      "original": {
        "owner": "NixOS",
        "ref": "nixpkgs-unstable",
        "repo": "nixpkgs",
        "type": "github"
      }
    },
    "nixpkgs_2": {
      "locked": {
        "lastModified": 1671359686,
        "narHash": "sha256-3MpC6yZo+Xn9cPordGz2/ii6IJpP2n8LE8e/ebUXLrs=",
        "owner": "NixOS",
        "repo": "nixpkgs",
        "rev": "04f574a1c0fde90b51bf68198e2297ca4e7cccf4",
        "type": "github"
      },
      "original": {
        "owner": "NixOS",
        "ref": "nixos-unstable",
        "repo": "nixpkgs",
        "type": "github"
      }
    },
    "nixpkgs_3": {
      "locked": {
        "lastModified": 1665296151,
        "narHash": "sha256-uOB0oxqxN9K7XGF1hcnY+PQnlQJ+3bP2vCn/+Ru/bbc=",
        "owner": "NixOS",
        "repo": "nixpkgs",
        "rev": "14ccaaedd95a488dd7ae142757884d8e125b3363",
        "type": "github"
      },
      "original": {
        "owner": "NixOS",
        "ref": "nixpkgs-unstable",
        "repo": "nixpkgs",
        "type": "github"
      }
    },
    "powercord": {
      "flake": false,
      "locked": {
        "lastModified": 1658712501,
        "narHash": "sha256-oApii3bNoJAmCDtELoo98XfDk4qHqjMRQJcIto2qbso=",
        "owner": "powercord-org",
        "repo": "powercord",
        "rev": "bb30f25898f0ad3cae91fb43cc83b12247056e8e",
        "type": "github"
      },
      "original": {
        "owner": "powercord-org",
        "repo": "powercord",
        "type": "github"
      }
    },
    "powercord-overlay": {
      "inputs": {
        "nixpkgs": [
          "nixpkgs"
        ],
        "powercord": "powercord"
      },
      "locked": {
        "lastModified": 1664525685,
        "narHash": "sha256-rYI6igVjDxS468623nhav8xwN+TVleSysBNPuF+bloQ=",
        "owner": "LavaDesu",
        "repo": "powercord-overlay",
        "rev": "74a55e214b53d5ac0ad9a28d9bf71a65bd8c9c29",
        "type": "github"
      },
      "original": {
        "owner": "LavaDesu",
        "repo": "powercord-overlay",
        "type": "github"
      }
    },
    "pure": {
      "flake": false,
      "locked": {
        "lastModified": 1662952498,
        "narHash": "sha256-e1D+9EejlVZxOyErg6eRgawth5gAhv6KpgjhK06ErZc=",
        "owner": "sindresorhus",
        "repo": "pure",
        "rev": "47c0c881f0e7cfdb5eaccd335f52ad17b897c060",
        "type": "github"
      },
      "original": {
        "owner": "sindresorhus",
        "repo": "pure",
        "type": "github"
      }
    },
    "root": {
      "inputs": {
        "betterfriends": "betterfriends",
        "channel-typing": "channel-typing",
        "cutecord": "cutecord",
        "fast-syntax-highlighting": "fast-syntax-highlighting",
        "ghostbuster": "ghostbuster",
        "home-manager": "home-manager",
        "linux-tkg": "linux-tkg",
        "nix-gaming": "nix-gaming",
        "nixos-hardware": "nixos-hardware",
        "nixpkgs": "nixpkgs_2",
        "powercord-overlay": "powercord-overlay",
        "pure": "pure",
        "rust-overlay": "rust-overlay",
        "zsh-abbr": "zsh-abbr",
        "zsh-history-substring-search": "zsh-history-substring-search"
      }
    },
    "rust-overlay": {
      "inputs": {
        "flake-utils": "flake-utils",
        "nixpkgs": "nixpkgs_3"
      },
      "locked": {
        "lastModified": 1671675758,
        "narHash": "sha256-wCrqs6waxH/cuaWiNdudjOBmzM1f4z4vtRgH8Zn0XbA=",
        "owner": "oxalica",
        "repo": "rust-overlay",
        "rev": "225c0b73534b7ead914c89fcb86c8de3df66eb15",
        "type": "github"
      },
      "original": {
        "owner": "oxalica",
        "repo": "rust-overlay",
        "type": "github"
      }
    },
    "utils": {
      "locked": {
        "lastModified": 1667395993,
        "narHash": "sha256-nuEHfE/LcWyuSWnS8t12N1wc105Qtau+/OdUAjtQ0rA=",
        "owner": "numtide",
        "repo": "flake-utils",
        "rev": "5aed5285a952e0b949eb3ba02c12fa4fcfef535f",
        "type": "github"
      },
      "original": {
        "owner": "numtide",
        "repo": "flake-utils",
        "type": "github"
      }
    },
    "zsh-abbr": {
      "flake": false,
      "locked": {
        "lastModified": 1671233078,
        "narHash": "sha256-paCybqh6hJlDhIZKFEdypjpgbuPV4x3ezdtL4UZRoWw=",
        "owner": "olets",
        "repo": "zsh-abbr",
        "rev": "e8a8ae7adcc82bd35236fa1c5a3ed588ded9bcc4",
        "type": "github"
      },
      "original": {
        "owner": "olets",
        "repo": "zsh-abbr",
        "type": "github"
      }
    },
    "zsh-history-substring-search": {
      "flake": false,
      "locked": {
        "lastModified": 1627971553,
        "narHash": "sha256-8kiPBtgsjRDqLWt0xGJ6vBBLqCWEIyFpYfd+s1prHWk=",
        "owner": "zsh-users",
        "repo": "zsh-history-substring-search",
        "rev": "4abed97b6e67eb5590b39bcd59080aa23192f25d",
        "type": "github"
      },
      "original": {
        "owner": "zsh-users",
        "repo": "zsh-history-substring-search",
        "type": "github"
      }
    }
  },
  "root": "root",
  "version": 7
}
