{
  "nodes": {
    "betterfriends": {
      "flake": false,
      "locked": {
        "lastModified": 1621236864,
        "narHash": "sha256-bEI/IB8VKr5Ow0E9QcbH5TKAsHfNFOxD4ny1ztv60NU=",
        "owner": "powercord-community",
        "repo": "betterfriends",
        "rev": "98c8a30d2c3553b055cfa73a286be9fc0980d071",
        "type": "github"
      },
      "original": {
        "owner": "powercord-community",
        "repo": "betterfriends",
        "type": "github"
      }
    },
    "channel-typing": {
      "flake": false,
      "locked": {
        "lastModified": 1634895849,
        "narHash": "sha256-wlbzg2zzFcwBGCa90DAKUEAtytQBc8kYAjzXGq1J6AM=",
        "owner": "powercord-community",
        "repo": "channel-typing",
        "rev": "8e41b085410a5bb72ddf9f372c8957eed6d2cb82",
        "type": "github"
      },
      "original": {
        "owner": "powercord-community",
        "repo": "channel-typing",
        "type": "github"
      }
    },
    "cutecord": {
      "flake": false,
      "locked": {
        "lastModified": 1658372050,
        "narHash": "sha256-y2JmZe1KUerXjje5/AVlarsmv0cHXx753uEYIRpTGlo=",
        "owner": "powercord-community",
        "repo": "cutecord",
        "rev": "9bec718f996c7f30760df87ed3e3fcd61498acf6",
        "type": "github"
      },
      "original": {
        "owner": "powercord-community",
        "repo": "cutecord",
        "type": "github"
      }
    },
    "fast-syntax-highlighting": {
      "flake": false,
      "locked": {
        "lastModified": 1658529021,
        "narHash": "sha256-Vc/i0W+beKphNisGFS435r+9IL6BhQsYeGAFRlP8+tA=",
        "owner": "zdharma-continuum",
        "repo": "fast-syntax-highlighting",
        "rev": "13dd94ba828328c18de3f216ec4a746a9ad0ef55",
        "type": "github"
      },
      "original": {
        "owner": "zdharma-continuum",
        "repo": "fast-syntax-highlighting",
        "type": "github"
      }
    },
    "flake-utils": {
      "locked": {
        "lastModified": 1656928814,
        "narHash": "sha256-RIFfgBuKz6Hp89yRr7+NR5tzIAbn52h8vT6vXkYjZoM=",
        "owner": "numtide",
        "repo": "flake-utils",
        "rev": "7e2a3b3dfd9af950a856d66b0a7d01e3c18aa249",
        "type": "github"
      },
      "original": {
        "owner": "numtide",
        "repo": "flake-utils",
        "type": "github"
      }
    },
    "ghostbuster": {
      "flake": false,
      "locked": {
        "lastModified": 1566458566,
        "narHash": "sha256-ZwQVEXHnHbGKd3iGYmqku8iZO24z9VZmO2X3QsrOacQ=",
        "owner": "powercord-community",
        "repo": "ghostbuster",
        "rev": "4c7cf839ab360cc4f1b3d5b84f96a934f9b6ea91",
        "type": "github"
      },
      "original": {
        "owner": "powercord-community",
        "repo": "ghostbuster",
        "type": "github"
      }
    },
    "home-manager": {
      "inputs": {
        "nixpkgs": [
          "nixpkgs"
        ],
        "utils": "utils"
      },
      "locked": {
        "lastModified": 1661467949,
        "narHash": "sha256-GYyuIZYQRp+l/IPFkFrmYRJz80aXpnz8HYfaye7rGwM=",
        "owner": "nix-community",
        "repo": "home-manager",
        "rev": "3d3bbdfe955383033fd17c28d2b1e93d48515d7d",
        "type": "github"
      },
      "original": {
        "owner": "nix-community",
        "repo": "home-manager",
        "type": "github"
      }
    },
    "linux-tkg": {
      "flake": false,
      "locked": {
        "lastModified": 1661452219,
        "narHash": "sha256-5XbU79Zz0zYa96fuJS+RDBE3y7oQbU89gincmVwtDAw=",
        "owner": "Frogging-Family",
        "repo": "linux-tkg",
        "rev": "919638a54c63f687dc84ccfe8f05314cb13afbf3",
        "type": "github"
      },
      "original": {
        "owner": "Frogging-Family",
        "repo": "linux-tkg",
        "type": "github"
      }
    },
    "nix-gaming": {
      "inputs": {
        "nixpkgs": "nixpkgs"
      },
      "locked": {
        "lastModified": 1660758526,
        "narHash": "sha256-w3Chwi62hampmgkXBhdEhJJzKQnHM+UCwSLcyHbfxsk=",
        "owner": "fufexan",
        "repo": "nix-gaming",
        "rev": "92cb8bc09a6d96427a18b3dddcc23b10a82856c9",
        "type": "github"
      },
      "original": {
        "owner": "fufexan",
        "repo": "nix-gaming",
        "type": "github"
      }
    },
    "nixos-hardware": {
      "locked": {
        "lastModified": 1660407119,
        "narHash": "sha256-04lWO0pDbhAXFdL4v2VzzwgxrZ5IefKn+TmZPiPeKxg=",
        "owner": "NixOS",
        "repo": "nixos-hardware",
        "rev": "12620020f76b1b5d2b0e6fbbda831ed4f5fe56e1",
        "type": "github"
      },
      "original": {
        "owner": "NixOS",
        "repo": "nixos-hardware",
        "type": "github"
      }
    },
    "nixpkgs": {
      "locked": {
        "lastModified": 1656401090,
        "narHash": "sha256-bUS2nfQsvTQW2z8SK7oEFSElbmoBahOPtbXPm0AL3I4=",
        "owner": "NixOS",
        "repo": "nixpkgs",
        "rev": "16de63fcc54e88b9a106a603038dd5dd2feb21eb",
        "type": "github"
      },
      "original": {
        "owner": "NixOS",
        "ref": "nixpkgs-unstable",
        "repo": "nixpkgs",
        "type": "github"
      }
    },
    "nixpkgs_2": {
      "locked": {
        "lastModified": 1661361016,
        "narHash": "sha256-Bjf6ZDnDc6glTwIIItvwfcaeJ5zWFM6GYfPajSArdUY=",
        "owner": "NixOS",
        "repo": "nixpkgs",
        "rev": "b784c5ae63dd288375af1b4d37b8a27dd8061887",
        "type": "github"
      },
      "original": {
        "owner": "NixOS",
        "ref": "nixos-unstable",
        "repo": "nixpkgs",
        "type": "github"
      }
    },
    "nixpkgs_3": {
      "locked": {
        "lastModified": 1659102345,
        "narHash": "sha256-Vbzlz254EMZvn28BhpN8JOi5EuKqnHZ3ujFYgFcSGvk=",
        "owner": "NixOS",
        "repo": "nixpkgs",
        "rev": "11b60e4f80d87794a2a4a8a256391b37c59a1ea7",
        "type": "github"
      },
      "original": {
        "owner": "NixOS",
        "ref": "nixpkgs-unstable",
        "repo": "nixpkgs",
        "type": "github"
      }
    },
    "powercord": {
      "flake": false,
      "locked": {
        "lastModified": 1658712501,
        "narHash": "sha256-oApii3bNoJAmCDtELoo98XfDk4qHqjMRQJcIto2qbso=",
        "owner": "powercord-org",
        "repo": "powercord",
        "rev": "bb30f25898f0ad3cae91fb43cc83b12247056e8e",
        "type": "github"
      },
      "original": {
        "owner": "powercord-org",
        "repo": "powercord",
        "type": "github"
      }
    },
    "powercord-overlay": {
      "inputs": {
        "nixpkgs": [
          "nixpkgs"
        ],
        "powercord": "powercord"
      },
      "locked": {
        "lastModified": 1658797799,
        "narHash": "sha256-7ed1Z3VS5pOqyIvH74qBDxeZzKpqgVRd/Q2uy5HuJ5k=",
        "owner": "LavaDesu",
        "repo": "powercord-overlay",
        "rev": "fa79591467732d06723359c2e82230a69d3c47dd",
        "type": "github"
      },
      "original": {
        "owner": "LavaDesu",
        "repo": "powercord-overlay",
        "type": "github"
      }
    },
    "pure": {
      "flake": false,
      "locked": {
        "lastModified": 1660781707,
        "narHash": "sha256-TjHZG7nQUUB9+z+/DYzCnyJz9CzvcE9zIq1QVRFzzB8=",
        "owner": "sindresorhus",
        "repo": "pure",
        "rev": "815d82f03aa6840f291374115895cf61d0b6469f",
        "type": "github"
      },
      "original": {
        "owner": "sindresorhus",
        "repo": "pure",
        "type": "github"
      }
    },
    "root": {
      "inputs": {
        "betterfriends": "betterfriends",
        "channel-typing": "channel-typing",
        "cutecord": "cutecord",
        "fast-syntax-highlighting": "fast-syntax-highlighting",
        "ghostbuster": "ghostbuster",
        "home-manager": "home-manager",
        "linux-tkg": "linux-tkg",
        "nix-gaming": "nix-gaming",
        "nixos-hardware": "nixos-hardware",
        "nixpkgs": "nixpkgs_2",
        "powercord-overlay": "powercord-overlay",
        "pure": "pure",
        "rust-overlay": "rust-overlay",
        "zsh-abbr": "zsh-abbr",
        "zsh-history-substring-search": "zsh-history-substring-search"
      }
    },
    "rust-overlay": {
      "inputs": {
        "flake-utils": "flake-utils",
        "nixpkgs": "nixpkgs_3"
      },
      "locked": {
        "lastModified": 1661482898,
        "narHash": "sha256-Z0t1eYtvS233HjC0+wrfJzcGcXyO6dRDzAiVK51e6oA=",
        "owner": "oxalica",
        "repo": "rust-overlay",
        "rev": "4e28d56f904d1c60f5546bd1dbf939269e832506",
        "type": "github"
      },
      "original": {
        "owner": "oxalica",
        "repo": "rust-overlay",
        "type": "github"
      }
    },
    "utils": {
      "locked": {
        "lastModified": 1653893745,
        "narHash": "sha256-0jntwV3Z8//YwuOjzhV2sgJJPt+HY6KhU7VZUL0fKZQ=",
        "owner": "numtide",
        "repo": "flake-utils",
        "rev": "1ed9fb1935d260de5fe1c2f7ee0ebaae17ed2fa1",
        "type": "github"
      },
      "original": {
        "owner": "numtide",
        "repo": "flake-utils",
        "type": "github"
      }
    },
    "zsh-abbr": {
      "flake": false,
      "locked": {
        "lastModified": 1658884878,
        "narHash": "sha256-LTYQst/Ab6TBPDIXVPqG03tq/8w85zvgVFgaco0UIUg=",
        "owner": "olets",
        "repo": "zsh-abbr",
        "rev": "82fc2b53d7b1c2df60fdea6f13701cff9c536197",
        "type": "github"
      },
      "original": {
        "owner": "olets",
        "repo": "zsh-abbr",
        "type": "github"
      }
    },
    "zsh-history-substring-search": {
      "flake": false,
      "locked": {
        "lastModified": 1627971553,
        "narHash": "sha256-8kiPBtgsjRDqLWt0xGJ6vBBLqCWEIyFpYfd+s1prHWk=",
        "owner": "zsh-users",
        "repo": "zsh-history-substring-search",
        "rev": "4abed97b6e67eb5590b39bcd59080aa23192f25d",
        "type": "github"
      },
      "original": {
        "owner": "zsh-users",
        "repo": "zsh-history-substring-search",
        "type": "github"
      }
    }
  },
  "root": "root",
  "version": 7
}
