{
  "nodes": {
    "betterfriends": {
      "flake": false,
      "locked": {
        "lastModified": 1621236864,
        "narHash": "sha256-bEI/IB8VKr5Ow0E9QcbH5TKAsHfNFOxD4ny1ztv60NU=",
        "owner": "powercord-community",
        "repo": "betterfriends",
        "rev": "98c8a30d2c3553b055cfa73a286be9fc0980d071",
        "type": "github"
      },
      "original": {
        "owner": "powercord-community",
        "repo": "betterfriends",
        "type": "github"
      }
    },
    "channel-typing": {
      "flake": false,
      "locked": {
        "lastModified": 1634895849,
        "narHash": "sha256-wlbzg2zzFcwBGCa90DAKUEAtytQBc8kYAjzXGq1J6AM=",
        "owner": "powercord-community",
        "repo": "channel-typing",
        "rev": "8e41b085410a5bb72ddf9f372c8957eed6d2cb82",
        "type": "github"
      },
      "original": {
        "owner": "powercord-community",
        "repo": "channel-typing",
        "type": "github"
      }
    },
    "cutecord": {
      "flake": false,
      "locked": {
        "lastModified": 1658372050,
        "narHash": "sha256-y2JmZe1KUerXjje5/AVlarsmv0cHXx753uEYIRpTGlo=",
        "owner": "powercord-community",
        "repo": "cutecord",
        "rev": "9bec718f996c7f30760df87ed3e3fcd61498acf6",
        "type": "github"
      },
      "original": {
        "owner": "powercord-community",
        "repo": "cutecord",
        "type": "github"
      }
    },
    "fast-syntax-highlighting": {
      "flake": false,
      "locked": {
        "lastModified": 1680505133,
        "narHash": "sha256-AmsexwVombgVmRvl4O9Kd/WbnVJHPTXETxBv18PDHz4=",
        "owner": "zdharma-continuum",
        "repo": "fast-syntax-highlighting",
        "rev": "13d7b4e63468307b6dcb2dadf6150818f242cbff",
        "type": "github"
      },
      "original": {
        "owner": "zdharma-continuum",
        "repo": "fast-syntax-highlighting",
        "type": "github"
      }
    },
    "flake-parts": {
      "inputs": {
        "nixpkgs-lib": "nixpkgs-lib"
      },
      "locked": {
        "lastModified": 1685662779,
        "narHash": "sha256-cKDDciXGpMEjP1n6HlzKinN0H+oLmNpgeCTzYnsA2po=",
        "owner": "hercules-ci",
        "repo": "flake-parts",
        "rev": "71fb97f0d875fd4de4994dfb849f2c75e17eb6c3",
        "type": "github"
      },
      "original": {
        "owner": "hercules-ci",
        "repo": "flake-parts",
        "type": "github"
      }
    },
    "flake-utils": {
      "inputs": {
        "systems": "systems"
      },
      "locked": {
        "lastModified": 1681202837,
        "narHash": "sha256-H+Rh19JDwRtpVPAWp64F+rlEtxUWBAQW28eAi3SRSzg=",
        "owner": "numtide",
        "repo": "flake-utils",
        "rev": "cfacdce06f30d2b68473a46042957675eebb3401",
        "type": "github"
      },
      "original": {
        "owner": "numtide",
        "repo": "flake-utils",
        "type": "github"
      }
    },
    "ghostbuster": {
      "flake": false,
      "locked": {
        "lastModified": 1566458566,
        "narHash": "sha256-ZwQVEXHnHbGKd3iGYmqku8iZO24z9VZmO2X3QsrOacQ=",
        "owner": "powercord-community",
        "repo": "ghostbuster",
        "rev": "4c7cf839ab360cc4f1b3d5b84f96a934f9b6ea91",
        "type": "github"
      },
      "original": {
        "owner": "powercord-community",
        "repo": "ghostbuster",
        "type": "github"
      }
    },
    "home-manager": {
      "inputs": {
        "nixpkgs": [
          "nixpkgs"
        ]
      },
      "locked": {
        "lastModified": 1688168945,
        "narHash": "sha256-AfBdMc2JU54YKaOAvCR0t3dWQIA1bLKb9vGnaZJUh0E=",
        "owner": "nix-community",
        "repo": "home-manager",
        "rev": "44d1a8542ac92f0ce75d970090216245043a2709",
        "type": "github"
      },
      "original": {
        "owner": "nix-community",
        "repo": "home-manager",
        "type": "github"
      }
    },
    "linux-tkg": {
      "flake": false,
      "locked": {
        "lastModified": 1688069523,
        "narHash": "sha256-8c+rapVF3mUHYHsj75iu8Hwt+XdxaC1jiJNmE3cmlCs=",
        "owner": "Frogging-Family",
        "repo": "linux-tkg",
        "rev": "c0f8f6d68ed852625e6af309f9c7fbeccd678896",
        "type": "github"
      },
      "original": {
        "owner": "Frogging-Family",
        "repo": "linux-tkg",
        "type": "github"
      }
    },
    "nix-gaming": {
      "inputs": {
        "flake-parts": "flake-parts",
        "nixpkgs": "nixpkgs"
      },
      "locked": {
        "lastModified": 1688087955,
        "narHash": "sha256-nABHI/8QTrnJreqNoqg7iqKgWNJ2lcW5huufhbDlCRg=",
        "owner": "fufexan",
        "repo": "nix-gaming",
        "rev": "3cc15269b7133a52f6a34b7f03d4c4d7c50ce660",
        "type": "github"
      },
      "original": {
        "owner": "fufexan",
        "repo": "nix-gaming",
        "type": "github"
      }
    },
    "nixos-hardware": {
      "locked": {
        "lastModified": 1686838567,
        "narHash": "sha256-aqKCUD126dRlVSKV6vWuDCitfjFrZlkwNuvj5LtjRRU=",
        "owner": "NixOS",
        "repo": "nixos-hardware",
        "rev": "429f232fe1dc398c5afea19a51aad6931ee0fb89",
        "type": "github"
      },
      "original": {
        "owner": "NixOS",
        "repo": "nixos-hardware",
        "type": "github"
      }
    },
    "nixpkgs": {
      "locked": {
        "lastModified": 1686582075,
        "narHash": "sha256-vtflsfKkHtF8IduxDNtbme4cojiqvlvjp5QNYhvoHXc=",
        "owner": "NixOS",
        "repo": "nixpkgs",
        "rev": "7e63eed145566cca98158613f3700515b4009ce3",
        "type": "github"
      },
      "original": {
        "owner": "NixOS",
        "ref": "nixpkgs-unstable",
        "repo": "nixpkgs",
        "type": "github"
      }
    },
    "nixpkgs-lib": {
      "locked": {
        "dir": "lib",
        "lastModified": 1685564631,
        "narHash": "sha256-8ywr3AkblY4++3lIVxmrWZFzac7+f32ZEhH/A8pNscI=",
        "owner": "NixOS",
        "repo": "nixpkgs",
        "rev": "4f53efe34b3a8877ac923b9350c874e3dcd5dc0a",
        "type": "github"
      },
      "original": {
        "dir": "lib",
        "owner": "NixOS",
        "ref": "nixos-unstable",
        "repo": "nixpkgs",
        "type": "github"
      }
    },
    "nixpkgs_2": {
      "locked": {
        "lastModified": 1688049487,
        "narHash": "sha256-100g4iaKC9MalDjUW9iN6Jl/OocTDtXdeAj7pEGIRh4=",
        "owner": "NixOS",
        "repo": "nixpkgs",
        "rev": "4bc72cae107788bf3f24f30db2e2f685c9298dc9",
        "type": "github"
      },
      "original": {
        "owner": "NixOS",
        "ref": "nixos-unstable",
        "repo": "nixpkgs",
        "type": "github"
      }
    },
    "nixpkgs_3": {
      "locked": {
        "lastModified": 1681358109,
        "narHash": "sha256-eKyxW4OohHQx9Urxi7TQlFBTDWII+F+x2hklDOQPB50=",
        "owner": "NixOS",
        "repo": "nixpkgs",
        "rev": "96ba1c52e54e74c3197f4d43026b3f3d92e83ff9",
        "type": "github"
      },
      "original": {
        "owner": "NixOS",
        "ref": "nixpkgs-unstable",
        "repo": "nixpkgs",
        "type": "github"
      }
    },
    "powercord": {
      "flake": false,
      "locked": {
        "lastModified": 1658712501,
        "narHash": "sha256-oApii3bNoJAmCDtELoo98XfDk4qHqjMRQJcIto2qbso=",
        "owner": "powercord-org",
        "repo": "powercord",
        "rev": "bb30f25898f0ad3cae91fb43cc83b12247056e8e",
        "type": "github"
      },
      "original": {
        "owner": "powercord-org",
        "repo": "powercord",
        "type": "github"
      }
    },
    "powercord-overlay": {
      "inputs": {
        "nixpkgs": [
          "nixpkgs"
        ],
        "powercord": "powercord"
      },
      "locked": {
        "lastModified": 1664525685,
        "narHash": "sha256-rYI6igVjDxS468623nhav8xwN+TVleSysBNPuF+bloQ=",
        "owner": "LavaDesu",
        "repo": "powercord-overlay",
        "rev": "74a55e214b53d5ac0ad9a28d9bf71a65bd8c9c29",
        "type": "github"
      },
      "original": {
        "owner": "LavaDesu",
        "repo": "powercord-overlay",
        "type": "github"
      }
    },
    "pure": {
      "flake": false,
      "locked": {
        "lastModified": 1687718525,
        "narHash": "sha256-TR4CyBZ+KoZRs9XDmWE5lJuUXXU1J8E2Z63nt+FS+5w=",
        "owner": "sindresorhus",
        "repo": "pure",
        "rev": "87e6f5dd4c793f6d980532205aaefe196780606f",
        "type": "github"
      },
      "original": {
        "owner": "sindresorhus",
        "repo": "pure",
        "type": "github"
      }
    },
    "root": {
      "inputs": {
        "betterfriends": "betterfriends",
        "channel-typing": "channel-typing",
        "cutecord": "cutecord",
        "fast-syntax-highlighting": "fast-syntax-highlighting",
        "ghostbuster": "ghostbuster",
        "home-manager": "home-manager",
        "linux-tkg": "linux-tkg",
        "nix-gaming": "nix-gaming",
        "nixos-hardware": "nixos-hardware",
        "nixpkgs": "nixpkgs_2",
        "powercord-overlay": "powercord-overlay",
        "pure": "pure",
        "rust-overlay": "rust-overlay",
        "zsh-abbr": "zsh-abbr",
        "zsh-history-substring-search": "zsh-history-substring-search"
      }
    },
    "rust-overlay": {
      "inputs": {
        "flake-utils": "flake-utils",
        "nixpkgs": "nixpkgs_3"
      },
      "locked": {
        "lastModified": 1688178944,
        "narHash": "sha256-4fef6jlv73WW6FLXssEa88WaTVEU268ipI6fatg9vRE=",
        "owner": "oxalica",
        "repo": "rust-overlay",
        "rev": "ef95001485c25edb43ea236bdb03640b9073abef",
        "type": "github"
      },
      "original": {
        "owner": "oxalica",
        "repo": "rust-overlay",
        "type": "github"
      }
    },
    "systems": {
      "locked": {
        "lastModified": 1681028828,
        "narHash": "sha256-Vy1rq5AaRuLzOxct8nz4T6wlgyUR7zLU309k9mBC768=",
        "owner": "nix-systems",
        "repo": "default",
        "rev": "da67096a3b9bf56a91d16901293e51ba5b49a27e",
        "type": "github"
      },
      "original": {
        "owner": "nix-systems",
        "repo": "default",
        "type": "github"
      }
    },
    "zsh-abbr": {
      "flake": false,
      "locked": {
        "lastModified": 1685150720,
        "narHash": "sha256-iKL2vn7TmQr78y0Bn02DgNf9DS5jZyh6uK9MzYTFZaA=",
        "owner": "olets",
        "repo": "zsh-abbr",
        "rev": "7caa26bf11009c144752f4f6dc6c6cde39da99b8",
        "type": "github"
      },
      "original": {
        "owner": "olets",
        "repo": "zsh-abbr",
        "type": "github"
      }
    },
    "zsh-history-substring-search": {
      "flake": false,
      "locked": {
        "lastModified": 1672773944,
        "narHash": "sha256-GSEvgvgWi1rrsgikTzDXokHTROoyPRlU0FVpAoEmXG4=",
        "owner": "zsh-users",
        "repo": "zsh-history-substring-search",
        "rev": "400e58a87f72ecec14f783fbd29bc6be4ff1641c",
        "type": "github"
      },
      "original": {
        "owner": "zsh-users",
        "repo": "zsh-history-substring-search",
        "type": "github"
      }
    }
  },
  "root": "root",
  "version": 7
}
